
Microsoft Visual Studio Solution File, Format Version 12.00
# Visual Studio Version 16
VisualStudioVersion = 16.0.30204.135
MinimumVisualStudioVersion = 10.0.40219.1
Project("{FAE04EC0-301F-11D3-BF4B-00C04F79EFBC}") = "LegendaryGUI", "LegendaryGUI\LegendaryGUI.csproj", "{0B8B3903-2A82-4F19-B21E-0A39A8292549}"
EndProject
Global
	GlobalSection(SolutionConfigurationPlatforms) = preSolution
		Debug|Any CPU = Debug|Any CPU
		Release|Any CPU = Release|Any CPU
	EndGlobalSection
	GlobalSection(ProjectConfigurationPlatforms) = postSolution
		{0B8B3903-2A82-4F19-B21E-0A39A8292549}.Debug|Any CPU.ActiveCfg = Debug|Any CPU
		{0B8B3903-2A82-4F19-B21E-0A39A8292549}.Debug|Any CPU.Build.0 = Debug|Any CPU
		{0B8B3903-2A82-4F19-B21E-0A39A8292549}.Release|Any CPU.ActiveCfg = Release|Any CPU
		{0B8B3903-2A82-4F19-B21E-0A39A8292549}.Release|Any CPU.Build.0 = Release|Any CPU
	EndGlobalSection
	GlobalSection(SolutionProperties) = preSolution
		HideSolutionNode = FALSE
	EndGlobalSection
	GlobalSection(ExtensibilityGlobals) = postSolution
		SolutionGuid = {EA10F5B5-9161-4C8C-80E5-2E8CA63560B3}
	EndGlobalSection
EndGlobal
